
Microsoft Visual Studio Solution File, Format Version 12.00
# Visual Studio Version 17
VisualStudioVersion = 17.13.35919.96 d17.13
MinimumVisualStudioVersion = 10.0.40219.1
Project("{FAE04EC0-301F-11D3-BF4B-00C04F79EFBC}") = "Desafios", "Desafios\Desafios.csproj", "{5F9E41D7-506E-44F1-A41D-3D21725B1BB3}"
EndProject
Global
	GlobalSection(SolutionConfigurationPlatforms) = preSolution
		Debug|Any CPU = Debug|Any CPU
		Release|Any CPU = Release|Any CPU
	EndGlobalSection
	GlobalSection(ProjectConfigurationPlatforms) = postSolution
		{5F9E41D7-506E-44F1-A41D-3D21725B1BB3}.Debug|Any CPU.ActiveCfg = Debug|Any CPU
		{5F9E41D7-506E-44F1-A41D-3D21725B1BB3}.Debug|Any CPU.Build.0 = Debug|Any CPU
		{5F9E41D7-506E-44F1-A41D-3D21725B1BB3}.Release|Any CPU.ActiveCfg = Release|Any CPU
		{5F9E41D7-506E-44F1-A41D-3D21725B1BB3}.Release|Any CPU.Build.0 = Release|Any CPU
	EndGlobalSection
	GlobalSection(SolutionProperties) = preSolution
		HideSolutionNode = FALSE
	EndGlobalSection
	GlobalSection(ExtensibilityGlobals) = postSolution
		SolutionGuid = {4F26DB75-6BDE-4D1E-A845-6D94D7EC0351}
	EndGlobalSection
EndGlobal
